
Microsoft Visual Studio Solution File, Format Version 11.00
# Visual Studio 2010
Project("{FAE04EC0-301F-11D3-BF4B-00C04F79EFBC}") = "SuperScrollView.Runtime", "SuperScrollView.Runtime.csproj", "{d25dde66-0c0f-5760-c7d5-79a13594bedd}"
EndProject
Project("{FAE04EC0-301F-11D3-BF4B-00C04F79EFBC}") = "Assembly-CSharp", "Assembly-CSharp.csproj", "{61eb7da7-ba50-2b3d-ba85-cd07c2db2c66}"
EndProject
Project("{FAE04EC0-301F-11D3-BF4B-00C04F79EFBC}") = "SuperScrollView.Editor", "SuperScrollView.Editor.csproj", "{e2e305df-2b2d-ec1d-de5c-88a104305b77}"
EndProject
Global
	GlobalSection(SolutionConfigurationPlatforms) = preSolution
		Debug|Any CPU = Debug|Any CPU
	EndGlobalSection
	GlobalSection(ProjectConfigurationPlatforms) = postSolution
		{d25dde66-0c0f-5760-c7d5-79a13594bedd}.Debug|Any CPU.ActiveCfg = Debug|Any CPU
		{d25dde66-0c0f-5760-c7d5-79a13594bedd}.Debug|Any CPU.Build.0 = Debug|Any CPU
		{61eb7da7-ba50-2b3d-ba85-cd07c2db2c66}.Debug|Any CPU.ActiveCfg = Debug|Any CPU
		{61eb7da7-ba50-2b3d-ba85-cd07c2db2c66}.Debug|Any CPU.Build.0 = Debug|Any CPU
		{e2e305df-2b2d-ec1d-de5c-88a104305b77}.Debug|Any CPU.ActiveCfg = Debug|Any CPU
		{e2e305df-2b2d-ec1d-de5c-88a104305b77}.Debug|Any CPU.Build.0 = Debug|Any CPU
	EndGlobalSection
	GlobalSection(SolutionProperties) = preSolution
		HideSolutionNode = FALSE
	EndGlobalSection
EndGlobal
